// !$*UTF8*$!
{
	archiveVersion = 1;
	classes = {
	};
	objectVersion = 50;
	objects = {

/* Begin PBXBuildFile section */
		60AE702824B9E51600E7E329 /* main.m in Sources */ = {isa = PBXBuildFile; fileRef = 60AE702724B9E51600E7E329 /* main.m */; };
		60AE703024B9E5C000E7E329 /* person.m in Sources */ = {isa = PBXBuildFile; fileRef = 60AE702F24B9E5C000E7E329 /* person.m */; };
		60AE703324B9E5FD00E7E329 /* student.m in Sources */ = {isa = PBXBuildFile; fileRef = 60AE703224B9E5FD00E7E329 /* student.m */; };
		60AE704C24B9F08500E7E329 /* manage.m in Sources */ = {isa = PBXBuildFile; fileRef = 60AE704B24B9F08500E7E329 /* manage.m */; };
/* End PBXBuildFile section */

/* Begin PBXCopyFilesBuildPhase section */
		60AE702224B9E51600E7E329 /* CopyFiles */ = {
			isa = PBXCopyFilesBuildPhase;
			buildActionMask = 2147483647;
			dstPath = /usr/share/man/man1/;
			dstSubfolderSpec = 0;
			files = (
			);
			runOnlyForDeploymentPostprocessing = 1;
		};
/* End PBXCopyFilesBuildPhase section */

/* Begin PBXFileReference section */
		60AE702424B9E51600E7E329 /* 2 */ = {isa = PBXFileReference; explicitFileType = "compiled.mach-o.executable"; includeInIndex = 0; path = 2; sourceTree = BUILT_PRODUCTS_DIR; };
		60AE702724B9E51600E7E329 /* main.m */ = {isa = PBXFileReference; lastKnownFileType = sourcecode.c.objc; path = main.m; sourceTree = "<group>"; };
		60AE702E24B9E5C000E7E329 /* person.h */ = {isa = PBXFileReference; lastKnownFileType = sourcecode.c.h; path = person.h; sourceTree = "<group>"; };
		60AE702F24B9E5C000E7E329 /* person.m */ = {isa = PBXFileReference; lastKnownFileType = sourcecode.c.objc; path = person.m; sourceTree = "<group>"; };
		60AE703124B9E5FD00E7E329 /* student.h */ = {isa = PBXFileReference; lastKnownFileType = sourcecode.c.h; path = student.h; sourceTree = "<group>"; };
		60AE703224B9E5FD00E7E329 /* student.m */ = {isa = PBXFileReference; lastKnownFileType = sourcecode.c.objc; path = student.m; sourceTree = "<group>"; };
		60AE704A24B9F08500E7E329 /* manage.h */ = {isa = PBXFileReference; lastKnownFileType = sourcecode.c.h; path = manage.h; sourceTree = "<group>"; };
		60AE704B24B9F08500E7E329 /* manage.m */ = {isa = PBXFileReference; lastKnownFileType = sourcecode.c.objc; path = manage.m; sourceTree = "<group>"; };
/* End PBXFileReference section */

/* Begin PBXFrameworksBuildPhase section */
		60AE702124B9E51600E7E329 /* Frameworks */ = {
			isa = PBXFrameworksBuildPhase;
			buildActionMask = 2147483647;
			files = (
			);
			runOnlyForDeploymentPostprocessing = 0;
		};
/* End PBXFrameworksBuildPhase section */

/* Begin PBXGroup section */
		60AE701B24B9E51600E7E329 = {
			isa = PBXGroup;
			children = (
				60AE702624B9E51600E7E329 /* 2 */,
				60AE702524B9E51600E7E329 /* Products */,
			);
			sourceTree = "<group>";
		};
		60AE702524B9E51600E7E329 /* Products */ = {
			isa = PBXGroup;
			children = (
				60AE702424B9E51600E7E329 /* 2 */,
			);
			name = Products;
			sourceTree = "<group>";
		};
		60AE702624B9E51600E7E329 /* 2 */ = {
			isa = PBXGroup;
			children = (
				60AE702724B9E51600E7E329 /* main.m */,
				60AE704A24B9F08500E7E329 /* manage.h */,
				60AE704B24B9F08500E7E329 /* manage.m */,
				60AE702E24B9E5C000E7E329 /* person.h */,
				60AE702F24B9E5C000E7E329 /* person.m */,
				60AE703124B9E5FD00E7E329 /* student.h */,
				60AE703224B9E5FD00E7E329 /* student.m */,
			);
			path = 2;
			sourceTree = "<group>";
		};
/* End PBXGroup section */

/* Begin PBXNativeTarget section */
		60AE702324B9E51600E7E329 /* 2 */ = {
			isa = PBXNativeTarget;
			buildConfigurationList = 60AE702B24B9E51600E7E329 /* Build configuration list for PBXNativeTarget "2" */;
			buildPhases = (
				60AE702024B9E51600E7E329 /* Sources */,
				60AE702124B9E51600E7E329 /* Frameworks */,
				60AE702224B9E51600E7E329 /* CopyFiles */,
			);
			buildRules = (
			);
			dependencies = (
			);
			name = 2;
			productName = 2;
			productReference = 60AE702424B9E51600E7E329 /* 2 */;
			productType = "com.apple.product-type.tool";
		};
/* End PBXNativeTarget section */

/* Begin PBXProject section */
		60AE701C24B9E51600E7E329 /* Project object */ = {
			isa = PBXProject;
			attributes = {
				LastUpgradeCheck = 1150;
				ORGANIZATIONNAME = young_jerry;
				TargetAttributes = {
					60AE702324B9E51600E7E329 = {
						CreatedOnToolsVersion = 11.5;
					};
				};
			};
			buildConfigurationList = 60AE701F24B9E51600E7E329 /* Build configuration list for PBXProject "2" */;
			compatibilityVersion = "Xcode 9.3";
			developmentRegion = en;
			hasScannedForEncodings = 0;
			knownRegions = (
				en,
				Base,
			);
			mainGroup = 60AE701B24B9E51600E7E329;
			productRefGroup = 60AE702524B9E51600E7E329 /* Products */;
			projectDirPath = "";
			projectRoot = "";
			targets = (
				60AE702324B9E51600E7E329 /* 2 */,
			);
		};
/* End PBXProject section */

/* Begin PBXSourcesBuildPhase section */
		60AE702024B9E51600E7E329 /* Sources */ = {
			isa = PBXSourcesBuildPhase;
			buildActionMask = 2147483647;
			files = (
				60AE704C24B9F08500E7E329 /* manage.m in Sources */,
				60AE703024B9E5C000E7E329 /* person.m in Sources */,
				60AE703324B9E5FD00E7E329 /* student.m in Sources */,
				60AE702824B9E51600E7E329 /* main.m in Sources */,
			);
			runOnlyForDeploymentPostprocessing = 0;
		};
/* End PBXSourcesBuildPhase section */

/* Begin XCBuildConfiguration section */
		60AE702924B9E51600E7E329 /* Debug */ = {
			isa = XCBuildConfiguration;
			buildSettings = {
				ALWAYS_SEARCH_USER_PATHS = NO;
				CLANG_ANALYZER_NONNULL = YES;
				CLANG_ANALYZER_NUMBER_OBJECT_CONVERSION = YES_AGGRESSIVE;
				CLANG_CXX_LANGUAGE_STANDARD = "gnu++14";
				CLANG_CXX_LIBRARY = "libc++";
				CLANG_ENABLE_MODULES = YES;
				CLANG_ENABLE_OBJC_ARC = YES;
				CLANG_ENABLE_OBJC_WEAK = YES;
				CLANG_WARN_BLOCK_CAPTURE_AUTORELEASING = YES;
				CLANG_WARN_BOOL_CONVERSION = YES;
				CLANG_WARN_COMMA = YES;
				CLANG_WARN_CONSTANT_CONVERSION = YES;
				CLANG_WARN_DEPRECATED_OBJC_IMPLEMENTATIONS = YES;
				CLANG_WARN_DIRECT_OBJC_ISA_USAGE = YES_ERROR;
				CLANG_WARN_DOCUMENTATION_COMMENTS = YES;
				CLANG_WARN_EMPTY_BODY = YES;
				CLANG_WARN_ENUM_CONVERSION = YES;
				CLANG_WARN_INFINITE_RECURSION = YES;
				CLANG_WARN_INT_CONVERSION = YES;
				CLANG_WARN_NON_LITERAL_NULL_CONVERSION = YES;
				CLANG_WARN_OBJC_IMPLICIT_RETAIN_SELF = YES;
				CLANG_WARN_OBJC_LITERAL_CONVERSION = YES;
				CLANG_WARN_OBJC_ROOT_CLASS = YES_ERROR;
				CLANG_WARN_RANGE_LOOP_ANALYSIS = YES;
				CLANG_WARN_STRICT_PROTOTYPES = YES;
				CLANG_WARN_SUSPICIOUS_MOVE = YES;
				CLANG_WARN_UNGUARDED_AVAILABILITY = YES_AGGRESSIVE;
				CLANG_WARN_UNREACHABLE_CODE = YES;
				CLANG_WARN__DUPLICATE_METHOD_MATCH = YES;
				COPY_PHASE_STRIP = NO;
				DEBUG_INFORMATION_FORMAT = dwarf;
				ENABLE_STRICT_OBJC_MSGSEND = YES;
				ENABLE_TESTABILITY = YES;
				GCC_C_LANGUAGE_STANDARD = gnu11;
				GCC_DYNAMIC_NO_PIC = NO;
				GCC_NO_COMMON_BLOCKS = YES;
				GCC_OPTIMIZATION_LEVEL = 0;
				GCC_PREPROCESSOR_DEFINITIONS = (
					"DEBUG=1",
					"$(inherited)",
				);
				GCC_WARN_64_TO_32_BIT_CONVERSION = YES;
				GCC_WARN_ABOUT_RETURN_TYPE = YES_ERROR;
				GCC_WARN_UNDECLARED_SELECTOR = YES;
				GCC_WARN_UNINITIALIZED_AUTOS = YES_AGGRESSIVE;
				GCC_WARN_UNUSED_FUNCTION = YES;
				GCC_WARN_UNUSED_VARIABLE = YES;
				MACOSX_DEPLOYMENT_TARGET = 10.15;
				MTL_ENABLE_DEBUG_INFO = INCLUDE_SOURCE;
				MTL_FAST_MATH = YES;
				ONLY_ACTIVE_ARCH = YES;
				SDKROOT = macosx;
			};
			name = Debug;
		};
		60AE702A24B9E51600E7E329 /* Release */ = {
			isa = XCBuildConfiguration;
			buildSettings = {
				ALWAYS_SEARCH_USER_PATHS = NO;
				CLANG_ANALYZER_NONNULL = YES;
				CLANG_ANALYZER_NUMBER_OBJECT_CONVERSION = YES_AGGRESSIVE;
				CLANG_CXX_LANGUAGE_STANDARD = "gnu++14";
				CLANG_CXX_LIBRARY = "libc++";
				CLANG_ENABLE_MODULES = YES;
				CLANG_ENABLE_OBJC_ARC = YES;
				CLANG_ENABLE_OBJC_WEAK = YES;
				CLANG_WARN_BLOCK_CAPTURE_AUTORELEASING = YES;
				CLANG_WARN_BOOL_CONVERSION = YES;
				CLANG_WARN_COMMA = YES;
				CLANG_WARN_CONSTANT_CONVERSION = YES;
				CLANG_WARN_DEPRECATED_OBJC_IMPLEMENTATIONS = YES;
				CLANG_WARN_DIRECT_OBJC_ISA_USAGE = YES_ERROR;
				CLANG_WARN_DOCUMENTATION_COMMENTS = YES;
				CLANG_WARN_EMPTY_BODY = YES;
				CLANG_WARN_ENUM_CONVERSION = YES;
				CLANG_WARN_INFINITE_RECURSION = YES;
				CLANG_WARN_INT_CONVERSION = YES;
				CLANG_WARN_NON_LITERAL_NULL_CONVERSION = YES;
				CLANG_WARN_OBJC_IMPLICIT_RETAIN_SELF = YES;
				CLANG_WARN_OBJC_LITERAL_CONVERSION = YES;
				CLANG_WARN_OBJC_ROOT_CLASS = YES_ERROR;
				CLANG_WARN_RANGE_LOOP_ANALYSIS = YES;
				CLANG_WARN_STRICT_PROTOTYPES = YES;
				CLANG_WARN_SUSPICIOUS_MOVE = YES;
				CLANG_WARN_UNGUARDED_AVAILABILITY = YES_AGGRESSIVE;
				CLANG_WARN_UNREACHABLE_CODE = YES;
				CLANG_WARN__DUPLICATE_METHOD_MATCH = YES;
				COPY_PHASE_STRIP = NO;
				DEBUG_INFORMATION_FORMAT = "dwarf-with-dsym";
				ENABLE_NS_ASSERTIONS = NO;
				ENABLE_STRICT_OBJC_MSGSEND = YES;
				GCC_C_LANGUAGE_STANDARD = gnu11;
				GCC_NO_COMMON_BLOCKS = YES;
				GCC_WARN_64_TO_32_BIT_CONVERSION = YES;
				GCC_WARN_ABOUT_RETURN_TYPE = YES_ERROR;
				GCC_WARN_UNDECLARED_SELECTOR = YES;
				GCC_WARN_UNINITIALIZED_AUTOS = YES_AGGRESSIVE;
				GCC_WARN_UNUSED_FUNCTION = YES;
				GCC_WARN_UNUSED_VARIABLE = YES;
				MACOSX_DEPLOYMENT_TARGET = 10.15;
				MTL_ENABLE_DEBUG_INFO = NO;
				MTL_FAST_MATH = YES;
				SDKROOT = macosx;
			};
			name = Release;
		};
		60AE702C24B9E51600E7E329 /* Debug */ = {
			isa = XCBuildConfiguration;
			buildSettings = {
				CODE_SIGN_STYLE = Automatic;
				PRODUCT_NAME = "$(TARGET_NAME)";
			};
			name = Debug;
		};
		60AE702D24B9E51600E7E329 /* Release */ = {
			isa = XCBuildConfiguration;
			buildSettings = {
				CODE_SIGN_STYLE = Automatic;
				PRODUCT_NAME = "$(TARGET_NAME)";
			};
			name = Release;
		};
/* End XCBuildConfiguration section */

/* Begin XCConfigurationList section */
		60AE701F24B9E51600E7E329 /* Build configuration list for PBXProject "2" */ = {
			isa = XCConfigurationList;
			buildConfigurations = (
				60AE702924B9E51600E7E329 /* Debug */,
				60AE702A24B9E51600E7E329 /* Release */,
			);
			defaultConfigurationIsVisible = 0;
			defaultConfigurationName = Release;
		};
		60AE702B24B9E51600E7E329 /* Build configuration list for PBXNativeTarget "2" */ = {
			isa = XCConfigurationList;
			buildConfigurations = (
				60AE702C24B9E51600E7E329 /* Debug */,
				60AE702D24B9E51600E7E329 /* Release */,
			);
			defaultConfigurationIsVisible = 0;
			defaultConfigurationName = Release;
		};
/* End XCConfigurationList section */
	};
	rootObject = 60AE701C24B9E51600E7E329 /* Project object */;
}
